#MicroXplorer Configuration settings - do not modify
ADC1.Channel-0\#ChannelRegularConversion=ADC_CHANNEL_6
ADC1.Channel-1\#ChannelRegularConversion=ADC_CHANNEL_7
ADC1.Channel-2\#ChannelRegularConversion=ADC_CHANNEL_8
ADC1.Channel-3\#ChannelRegularConversion=ADC_CHANNEL_9
ADC1.IPParameters=Rank-0\#ChannelRegularConversion,Channel-0\#ChannelRegularConversion,SamplingTime-0\#ChannelRegularConversion,OffsetNumber-0\#ChannelRegularConversion,Offset-0\#ChannelRegularConversion,NbrOfConversionFlag,master,SubFamily,Rank-1\#ChannelRegularConversion,Channel-1\#ChannelRegularConversion,SamplingTime-1\#ChannelRegularConversion,SamplingTimeOPAMP-1\#ChannelRegularConversion,OffsetNumber-1\#ChannelRegularConversion,Offset-1\#ChannelRegularConversion,Rank-2\#ChannelRegularConversion,Channel-2\#ChannelRegularConversion,SamplingTime-2\#ChannelRegularConversion,SamplingTimeOPAMP-2\#ChannelRegularConversion,OffsetNumber-2\#ChannelRegularConversion,Offset-2\#ChannelRegularConversion,Rank-3\#ChannelRegularConversion,Channel-3\#ChannelRegularConversion,SamplingTime-3\#ChannelRegularConversion,SamplingTimeOPAMP-3\#ChannelRegularConversion,OffsetNumber-3\#ChannelRegularConversion,Offset-3\#ChannelRegularConversion,NbrOfConversion
ADC1.NbrOfConversion=4
ADC1.NbrOfConversionFlag=1
ADC1.Offset-0\#ChannelRegularConversion=0
ADC1.Offset-1\#ChannelRegularConversion=0
ADC1.Offset-2\#ChannelRegularConversion=0
ADC1.Offset-3\#ChannelRegularConversion=0
ADC1.OffsetNumber-0\#ChannelRegularConversion=ADC_OFFSET_NONE
ADC1.OffsetNumber-1\#ChannelRegularConversion=ADC_OFFSET_NONE
ADC1.OffsetNumber-2\#ChannelRegularConversion=ADC_OFFSET_NONE
ADC1.OffsetNumber-3\#ChannelRegularConversion=ADC_OFFSET_NONE
ADC1.Rank-0\#ChannelRegularConversion=1
ADC1.Rank-1\#ChannelRegularConversion=2
ADC1.Rank-2\#ChannelRegularConversion=3
ADC1.Rank-3\#ChannelRegularConversion=4
ADC1.SamplingTime-0\#ChannelRegularConversion=ADC_SAMPLETIME_1CYCLE_5
ADC1.SamplingTime-1\#ChannelRegularConversion=ADC_SAMPLETIME_1CYCLE_5
ADC1.SamplingTime-2\#ChannelRegularConversion=ADC_SAMPLETIME_1CYCLE_5
ADC1.SamplingTime-3\#ChannelRegularConversion=ADC_SAMPLETIME_1CYCLE_5
ADC1.SamplingTimeOPAMP-1\#ChannelRegularConversion=ADC_SAMPLETIME_61CYCLES_5
ADC1.SamplingTimeOPAMP-2\#ChannelRegularConversion=ADC_SAMPLETIME_61CYCLES_5
ADC1.SamplingTimeOPAMP-3\#ChannelRegularConversion=ADC_SAMPLETIME_61CYCLES_5
ADC1.SubFamily=STM32F334x8
ADC1.master=1
ADC2.Channel-0\#ChannelRegularConversion=ADC_CHANNEL_1
ADC2.Channel-1\#ChannelRegularConversion=ADC_CHANNEL_3
ADC2.Channel-2\#ChannelRegularConversion=ADC_CHANNEL_11
ADC2.IPParameters=Rank-0\#ChannelRegularConversion,SingleDiff-0\#ChannelRegularConversion,Channel-0\#ChannelRegularConversion,SamplingTime-0\#ChannelRegularConversion,OffsetNumber-0\#ChannelRegularConversion,Offset-0\#ChannelRegularConversion,NbrOfConversionFlag,SubFamily,Rank-1\#ChannelRegularConversion,SingleDiff-1\#ChannelRegularConversion,Channel-1\#ChannelRegularConversion,SamplingTime-1\#ChannelRegularConversion,SamplingTimeOPAMP-1\#ChannelRegularConversion,OffsetNumber-1\#ChannelRegularConversion,Offset-1\#ChannelRegularConversion,Rank-2\#ChannelRegularConversion,SingleDiff-2\#ChannelRegularConversion,Channel-2\#ChannelRegularConversion,SamplingTime-2\#ChannelRegularConversion,SamplingTimeOPAMP-2\#ChannelRegularConversion,OffsetNumber-2\#ChannelRegularConversion,Offset-2\#ChannelRegularConversion,NbrOfConversion
ADC2.NbrOfConversion=3
ADC2.NbrOfConversionFlag=1
ADC2.Offset-0\#ChannelRegularConversion=0
ADC2.Offset-1\#ChannelRegularConversion=0
ADC2.Offset-2\#ChannelRegularConversion=0
ADC2.OffsetNumber-0\#ChannelRegularConversion=ADC_OFFSET_NONE
ADC2.OffsetNumber-1\#ChannelRegularConversion=ADC_OFFSET_NONE
ADC2.OffsetNumber-2\#ChannelRegularConversion=ADC_OFFSET_NONE
ADC2.Rank-0\#ChannelRegularConversion=1
ADC2.Rank-1\#ChannelRegularConversion=2
ADC2.Rank-2\#ChannelRegularConversion=3
ADC2.SamplingTime-0\#ChannelRegularConversion=ADC_SAMPLETIME_1CYCLE_5
ADC2.SamplingTime-1\#ChannelRegularConversion=ADC_SAMPLETIME_1CYCLE_5
ADC2.SamplingTime-2\#ChannelRegularConversion=ADC_SAMPLETIME_1CYCLE_5
ADC2.SamplingTimeOPAMP-1\#ChannelRegularConversion=ADC_SAMPLETIME_61CYCLES_5
ADC2.SamplingTimeOPAMP-2\#ChannelRegularConversion=ADC_SAMPLETIME_61CYCLES_5
ADC2.SingleDiff-0\#ChannelRegularConversion=ADC_DIFFERENTIAL_ENDED
ADC2.SingleDiff-1\#ChannelRegularConversion=ADC_DIFFERENTIAL_ENDED
ADC2.SingleDiff-2\#ChannelRegularConversion=ADC_DIFFERENTIAL_ENDED
ADC2.SubFamily=STM32F334x8
Dma.ADC1.0.Direction=DMA_PERIPH_TO_MEMORY
Dma.ADC1.0.Instance=DMA1_Channel1
Dma.ADC1.0.MemDataAlignment=DMA_MDATAALIGN_WORD
Dma.ADC1.0.MemInc=DMA_MINC_ENABLE
Dma.ADC1.0.Mode=DMA_CIRCULAR
Dma.ADC1.0.PeriphDataAlignment=DMA_PDATAALIGN_WORD
Dma.ADC1.0.PeriphInc=DMA_PINC_DISABLE
Dma.ADC1.0.Priority=DMA_PRIORITY_LOW
Dma.ADC1.0.RequestParameters=Instance,Direction,PeriphInc,MemInc,PeriphDataAlignment,MemDataAlignment,Mode,Priority
Dma.ADC2.1.Direction=DMA_PERIPH_TO_MEMORY
Dma.ADC2.1.Instance=DMA1_Channel2
Dma.ADC2.1.MemDataAlignment=DMA_MDATAALIGN_WORD
Dma.ADC2.1.MemInc=DMA_MINC_ENABLE
Dma.ADC2.1.Mode=DMA_CIRCULAR
Dma.ADC2.1.PeriphDataAlignment=DMA_PDATAALIGN_WORD
Dma.ADC2.1.PeriphInc=DMA_PINC_DISABLE
Dma.ADC2.1.Priority=DMA_PRIORITY_LOW
Dma.ADC2.1.RequestParameters=Instance,Direction,PeriphInc,MemInc,PeriphDataAlignment,MemDataAlignment,Mode,Priority
Dma.Request0=ADC1
Dma.Request1=ADC2
Dma.RequestsNb=2
File.Version=6
GPIO.groupedBy=Group By Peripherals
HRTIM1.CompareUnit1-MasterTimer=__NULL
HRTIM1.CompareUnit1-Output_TA1TA2=HRTIM_COMPAREUNIT_1
HRTIM1.CompareUnit1-Output_TB1TB2=HRTIM_COMPAREUNIT_1
HRTIM1.CompareUnit2-MasterTimer=HRTIM_COMPAREUNIT_2
HRTIM1.CompareUnit2-Output_TB1TB2=__NULL
HRTIM1.CompareUnit3-MasterTimer=__NULL
HRTIM1.CompareUnit3-Output_TB1TB2=__NULL
HRTIM1.CompareValue1-MasterTimer=80
HRTIM1.CompareValue1-Output_TA1TA2=dutyA
HRTIM1.CompareValue1-Output_TB1TB2=80
HRTIM1.CompareValue2-MasterTimer=160
HRTIM1.CompareValue2-Output_TB1TB2=80
HRTIM1.CompareValue3-MasterTimer=240
HRTIM1.CompareValue3-Output_TB1TB2=240
HRTIM1.Configuration_TB=Waveform
HRTIM1.DMADstAddress-Output_TA1TA2=0x0
HRTIM1.DMADstAddress-Output_TB1TB2=0x0
HRTIM1.DMARequests1-Output_TA1TA2=HRTIM_TIM_DMA_NONE
HRTIM1.DMARequests1-Output_TB1TB2=HRTIM_TIM_DMA_NONE
HRTIM1.DMASrcAddress-Output_TA1TA2=0x0
HRTIM1.DMASrcAddress-Output_TB1TB2=0x0
HRTIM1.DeadTimeInsertion-Output_TA1TA2=HRTIM_TIMDEADTIMEINSERTION_ENABLED
HRTIM1.DeadTimeInsertion-Output_TB1TB2=HRTIM_TIMDEADTIMEINSERTION_ENABLED
HRTIM1.Deadtimeconfig-Output_TA1TA2=HRTIM_TIMERINDEX_TIMER_A
HRTIM1.Deadtimeconfig-Output_TB1TB2=HRTIM_TIMERINDEX_TIMER_B
HRTIM1.FallingValue-Output_TA1TA2=10
HRTIM1.FallingValue-Output_TB1TB2=10
HRTIM1.IPParameters=Periode_TB,Periode_TA,Deadtimeconfig-Output_TA1TA2,RisingValue-Output_TA1TA2,FallingValue-Output_TA1TA2,Deadtimeconfig-Output_TB1TB2,RisingValue-Output_TB1TB2,FallingValue-Output_TB1TB2,Configuration_TB,PushPull-Output_TB1TB2,PushPull-Output_TA1TA2,Periode_MASTER,CompareUnit1-MasterTimer,CompareValue1-MasterTimer,CompareUnit1-Output_TA1TA2,CompareValue1-Output_TA1TA2,CompareUnit1-Output_TB1TB2,CompareUnit2-Output_TB1TB2,CompareValue1-Output_TB1TB2,CompareValue2-Output_TB1TB2,CompareUnit3-Output_TB1TB2,CompareValue3-Output_TB1TB2,NumberSetSource2_TB,SetOutput2_Source1-Output_TB1TB2,NumberResetSource2_TB,NumberSetSource1-Output_TB1TB2,SetOutput1_Source1-Output_TB1TB2,NumberResetSource1-Output_TB1TB2,ResetOutput1_Source1-Output_TB1TB2,NumberSetSource1-Output_TA1TA2,SetOutput1_Source1-Output_TA1TA2,NumberResetSource1-Output_TA1TA2,ResetOutput1_Source1-Output_TA1TA2,SyncOptions,StartOnSync-Output_TA1TA2,StartOnSync-MasterTimer,NumberResetTrigger-Output_TA1TA2,NumberResetTrigger-Output_TB1TB2,ResetTrigger1-Output_TB1TB2,ResetTrigger1-Output_TA1TA2,Polarity2-Output_TB1TB2,ResetOutput2_Source1-Output_TB1TB2,Polarity2-Output_TA1TA2,NumberSetSource2_TA,NumberResetSource2_TA,SetOutput2_Source1-Output_TA1TA2,ResetOutput2_Source1-Output_TA1TA2,CompareUnit2-MasterTimer,CompareUnit3-MasterTimer,CompareValue2-MasterTimer,CompareValue3-MasterTimer,DeadTimeInsertion-Output_TB1TB2,DeadTimeInsertion-Output_TA1TA2,DMARequests1-Output_TA1TA2,DMARequests1-Output_TB1TB2,PreloadEnable-Output_TA1TA2,PreloadEnable-Output_TB1TB2,DMASrcAddress-Output_TA1TA2,DMADstAddress-Output_TA1TA2,DMADstAddress-Output_TB1TB2,DMASrcAddress-Output_TB1TB2,NumberUpdateTrigger-Output_TB1TB2,UpdateTrigger1-Output_TB1TB2,NumberUpdateTrigger-Output_TA1TA2,UpdateTrigger1-Output_TA1TA2,NumberDMARequests_TA,NumberDMARequests_TB,RepetitionUpdate-Output_TA1TA2,RepetitionUpdate-Output_TB1TB2
HRTIM1.IPParametersWithoutCheck=CompareValue1-Output_TA1TA2
HRTIM1.NumberDMARequests_TA=0
HRTIM1.NumberDMARequests_TB=0
HRTIM1.NumberResetSource1-Output_TA1TA2=1
HRTIM1.NumberResetSource1-Output_TB1TB2=1
HRTIM1.NumberResetSource2_TA=1
HRTIM1.NumberResetSource2_TB=1
HRTIM1.NumberResetTrigger-Output_TA1TA2=1
HRTIM1.NumberResetTrigger-Output_TB1TB2=1
HRTIM1.NumberSetSource1-Output_TA1TA2=1
HRTIM1.NumberSetSource1-Output_TB1TB2=1
HRTIM1.NumberSetSource2_TA=0
HRTIM1.NumberSetSource2_TB=0
HRTIM1.NumberUpdateTrigger-Output_TA1TA2=0
HRTIM1.NumberUpdateTrigger-Output_TB1TB2=0
HRTIM1.Periode_MASTER=320
HRTIM1.Periode_TA=320
HRTIM1.Periode_TB=320
HRTIM1.Polarity2-Output_TA1TA2=HRTIM_OUTPUTPOLARITY_HIGH
HRTIM1.Polarity2-Output_TB1TB2=HRTIM_OUTPUTPOLARITY_HIGH
HRTIM1.PreloadEnable-Output_TA1TA2=HRTIM_PRELOAD_ENABLED
HRTIM1.PreloadEnable-Output_TB1TB2=HRTIM_PRELOAD_ENABLED
HRTIM1.PushPull-Output_TA1TA2=HRTIM_TIMPUSHPULLMODE_DISABLED
HRTIM1.PushPull-Output_TB1TB2=HRTIM_TIMPUSHPULLMODE_DISABLED
HRTIM1.RepetitionUpdate-Output_TA1TA2=HRTIM_UPDATEONREPETITION_ENABLED
HRTIM1.RepetitionUpdate-Output_TB1TB2=HRTIM_UPDATEONREPETITION_ENABLED
HRTIM1.ResetOutput1_Source1-Output_TA1TA2=HRTIM_OUTPUTRESET_TIMPER
HRTIM1.ResetOutput1_Source1-Output_TB1TB2=HRTIM_OUTPUTRESET_TIMPER
HRTIM1.ResetOutput2_Source1-Output_TA1TA2=HRTIM_OUTPUTRESET_TIMCMP1
HRTIM1.ResetOutput2_Source1-Output_TB1TB2=HRTIM_OUTPUTRESET_TIMCMP1
HRTIM1.ResetTrigger1-Output_TA1TA2=HRTIM_TIMRESETTRIGGER_MASTER_PER
HRTIM1.ResetTrigger1-Output_TB1TB2=HRTIM_TIMRESETTRIGGER_MASTER_CMP2
HRTIM1.RisingValue-Output_TA1TA2=10
HRTIM1.RisingValue-Output_TB1TB2=10
HRTIM1.SetOutput1_Source1-Output_TA1TA2=HRTIM_OUTPUTSET_TIMCMP1
HRTIM1.SetOutput1_Source1-Output_TB1TB2=HRTIM_OUTPUTSET_TIMCMP1
HRTIM1.SetOutput2_Source1-Output_TA1TA2=HRTIM_OUTPUTSET_TIMPER
HRTIM1.SetOutput2_Source1-Output_TB1TB2=HRTIM_OUTPUTSET_TIMPER
HRTIM1.StartOnSync-MasterTimer=HRTIM_SYNCSTART_DISABLED
HRTIM1.StartOnSync-Output_TA1TA2=HRTIM_SYNCSTART_DISABLED
HRTIM1.SyncOptions=HRTIM_SYNCOPTION_NONE
HRTIM1.UpdateTrigger1-Output_TA1TA2=HRTIM_TIMUPDATETRIGGER_NONE
HRTIM1.UpdateTrigger1-Output_TB1TB2=HRTIM_TIMUPDATETRIGGER_NONE
KeepUserPlacement=false
Mcu.Family=STM32F3
Mcu.IP0=ADC1
Mcu.IP1=ADC2
Mcu.IP2=DMA
Mcu.IP3=HRTIM1
Mcu.IP4=NVIC
Mcu.IP5=RCC
Mcu.IP6=SPI1
Mcu.IP7=SYS
Mcu.IP8=TIM3
Mcu.IP9=USART2
Mcu.IPNb=10
Mcu.Name=STM32F334R(6-8)Tx
Mcu.Package=LQFP64
Mcu.Pin0=PC13
Mcu.Pin1=PC14 / OSC32_IN
Mcu.Pin10=PA2
Mcu.Pin11=PA3
Mcu.Pin12=PA4
Mcu.Pin13=PA5
Mcu.Pin14=PA6
Mcu.Pin15=PA7
Mcu.Pin16=PC5
Mcu.Pin17=PB2
Mcu.Pin18=PA8
Mcu.Pin19=PA9
Mcu.Pin2=PC15 / OSC32_OUT
Mcu.Pin20=PA10
Mcu.Pin21=PA11
Mcu.Pin22=PA13
Mcu.Pin23=PA14
Mcu.Pin24=PA15
Mcu.Pin25=PB3
Mcu.Pin26=PB5
Mcu.Pin27=VP_HRTIM1_VS_hrtimMasterTimerNoOutput
Mcu.Pin28=VP_SYS_VS_Systick
Mcu.Pin29=VP_TIM3_VS_ClockSourceINT
Mcu.Pin3=PF0 / OSC_IN
Mcu.Pin4=PF1 / OSC_OUT
Mcu.Pin5=PC0
Mcu.Pin6=PC1
Mcu.Pin7=PC2
Mcu.Pin8=PC3
Mcu.Pin9=PA0
Mcu.PinsNb=30
Mcu.ThirdPartyNb=0
Mcu.UserConstants=
Mcu.UserName=STM32F334R8Tx
MxCube.Version=6.0.0
MxDb.Version=DB.6.0.0
NVIC.BusFault_IRQn=true\:0\:0\:false\:false\:true\:true\:false
NVIC.DMA1_Channel1_IRQn=true\:0\:0\:false\:false\:true\:false\:true
NVIC.DMA1_Channel2_IRQn=true\:0\:0\:false\:false\:true\:false\:true
NVIC.DebugMonitor_IRQn=true\:0\:0\:false\:false\:true\:true\:false
NVIC.ForceEnableDMAVector=true
NVIC.HardFault_IRQn=true\:0\:0\:false\:false\:true\:true\:false
NVIC.MemoryManagement_IRQn=true\:0\:0\:false\:false\:true\:true\:false
NVIC.NonMaskableInt_IRQn=true\:0\:0\:false\:false\:true\:true\:false
NVIC.PendSV_IRQn=true\:0\:0\:false\:false\:true\:false\:false
NVIC.PriorityGroup=NVIC_PRIORITYGROUP_0
NVIC.SVCall_IRQn=true\:0\:0\:false\:false\:true\:false\:false
NVIC.SysTick_IRQn=true\:0\:0\:true\:false\:true\:true\:true
NVIC.TIM3_IRQn=true\:0\:0\:false\:false\:true\:true\:true
NVIC.UsageFault_IRQn=true\:0\:0\:false\:false\:true\:true\:false
PA0.Locked=true
PA0.Signal=GPIO_Output
PA10.GPIOParameters=GPIO_Label
PA10.GPIO_Label=H2
PA10.Mode=Output_TB1TB2
PA10.Signal=HRTIM1_CHB1
PA11.GPIOParameters=GPIO_Label
PA11.GPIO_Label=L2
PA11.Mode=Output_TB1TB2
PA11.Signal=HRTIM1_CHB2
PA13.GPIOParameters=GPIO_Label
PA13.GPIO_Label=TMS
PA13.Locked=true
PA13.Mode=Serial_Wire
PA13.Signal=SYS_JTMS-SWDIO
PA14.GPIOParameters=GPIO_Label
PA14.GPIO_Label=TCK
PA14.Locked=true
PA14.Mode=Serial_Wire
PA14.Signal=SYS_JTCK-SWCLK
PA15.Mode=NSS_Signal_Hard_Input
PA15.Signal=SPI1_NSS
PA2.GPIOParameters=GPIO_Label
PA2.GPIO_Label=USART_TX
PA2.Locked=true
PA2.Mode=Asynchronous
PA2.Signal=USART2_TX
PA3.GPIOParameters=GPIO_Label
PA3.GPIO_Label=USART_RX
PA3.Locked=true
PA3.Mode=Asynchronous
PA3.Signal=USART2_RX
PA4.GPIOParameters=GPIO_Label
PA4.GPIO_Label=V_1LowP
PA4.Mode=IN1-Differential
PA4.Signal=ADC2_IN1
PA5.GPIOParameters=GPIO_Label
PA5.GPIO_Label=V_1LowN
PA5.Mode=IN1-Differential
PA5.Signal=ADC2_IN2
PA6.GPIOParameters=GPIO_Label
PA6.GPIO_Label=V_2LowP
PA6.Mode=IN3-Differential
PA6.Signal=ADC2_IN3
PA7.GPIOParameters=GPIO_Label
PA7.GPIO_Label=V_2LowN
PA7.Mode=IN3-Differential
PA7.Signal=ADC2_IN4
PA8.GPIOParameters=GPIO_Label
PA8.GPIO_Label=H1
PA8.Mode=Output_TA1TA2
PA8.Signal=HRTIM1_CHA1
PA9.GPIOParameters=GPIO_Label
PA9.GPIO_Label=L1
PA9.Mode=Output_TA1TA2
PA9.Signal=HRTIM1_CHA2
PB2.GPIOParameters=GPIO_Label
PB2.GPIO_Label=V_HighN
PB2.Mode=IN11-Differential
PB2.Signal=ADC2_IN12
PB3.Mode=Simplex_Bidirectional_Master
PB3.Signal=SPI1_SCK
PB5.Mode=Simplex_Bidirectional_Master
PB5.Signal=SPI1_MOSI
PC0.GPIOParameters=GPIO_Label
PC0.GPIO_Label=I_1Low
PC0.Signal=ADCx_IN6
PC1.GPIOParameters=GPIO_Label
PC1.GPIO_Label=I_2Low
PC1.Signal=ADCx_IN7
PC13.GPIOParameters=GPIO_Label,GPIO_ModeDefaultEXTI
PC13.GPIO_Label=B1 [Blue PushButton]
PC13.GPIO_ModeDefaultEXTI=GPIO_MODE_IT_FALLING
PC13.Locked=true
PC13.Signal=GPXTI13
PC14\ /\ OSC32_IN.Locked=true
PC14\ /\ OSC32_IN.Mode=LSE-External-Oscillator
PC14\ /\ OSC32_IN.Signal=RCC_OSC32_IN
PC15\ /\ OSC32_OUT.GPIOParameters=GPIO_Label
PC15\ /\ OSC32_OUT.GPIO_Label=RCC_OSC32_OUT
PC15\ /\ OSC32_OUT.Locked=true
PC15\ /\ OSC32_OUT.Mode=LSE-External-Oscillator
PC15\ /\ OSC32_OUT.Signal=RCC_OSC32_OUT
PC2.GPIOParameters=GPIO_Label
PC2.GPIO_Label=I_High
PC2.Signal=ADCx_IN8
PC3.GPIOParameters=GPIO_Label
PC3.GPIO_Label=Tp
PC3.Signal=ADCx_IN9
PC5.GPIOParameters=GPIO_Label
PC5.GPIO_Label=V_HighP
PC5.Mode=IN11-Differential
PC5.Signal=ADC2_IN11
PF0\ /\ OSC_IN.Locked=true
PF0\ /\ OSC_IN.Mode=HSE-External-Clock-Source
PF0\ /\ OSC_IN.Signal=RCC_OSC_IN
PF1\ /\ OSC_OUT.Locked=true
PF1\ /\ OSC_OUT.Signal=RCC_OSC_OUT
PinOutPanel.RotationAngle=0
ProjectManager.AskForMigrate=true
ProjectManager.BackupPrevious=false
ProjectManager.CompilerOptimize=6
ProjectManager.ComputerToolchain=false
ProjectManager.CoupleFile=false
ProjectManager.CustomerFirmwarePackage=
ProjectManager.DefaultFWLocation=true
ProjectManager.DeletePrevious=true
ProjectManager.DeviceId=STM32F334R8Tx
ProjectManager.FirmwarePackage=STM32Cube FW_F3 V1.11.1
ProjectManager.FreePins=false
ProjectManager.HalAssertFull=false
ProjectManager.HeapSize=0x200
ProjectManager.KeepUserCode=true
ProjectManager.LastFirmware=true
ProjectManager.LibraryCopy=1
ProjectManager.MainLocation=Core/Src
ProjectManager.NoMain=false
ProjectManager.PreviousToolchain=
ProjectManager.ProjectBuild=false
ProjectManager.ProjectFileName=AC_test.ioc
ProjectManager.ProjectName=AC_test
ProjectManager.RegisterCallBack=
ProjectManager.StackSize=0x400
ProjectManager.TargetToolchain=STM32CubeIDE
ProjectManager.ToolChainLocation=
ProjectManager.UnderRoot=true
ProjectManager.functionlistsort=1-MX_GPIO_Init-GPIO-false-HAL-true,2-MX_DMA_Init-DMA-false-HAL-true,3-SystemClock_Config-RCC-false-HAL-false,4-MX_USART2_UART_Init-USART2-false-HAL-true,5-MX_ADC1_Init-ADC1-false-HAL-true,6-MX_ADC2_Init-ADC2-false-HAL-true,7-MX_HRTIM1_Init-HRTIM1-false-HAL-true,8-MX_SPI1_Init-SPI1-false-HAL-true,9-MX_TIM3_Init-TIM3-false-HAL-true
RCC.ADC12outputFreq_Value=64000000
RCC.AHBFreq_Value=64000000
RCC.APB1CLKDivider=RCC_HCLK_DIV2
RCC.APB1Freq_Value=32000000
RCC.APB1TimFreq_Value=64000000
RCC.APB2Freq_Value=64000000
RCC.APB2TimFreq_Value=64000000
RCC.CortexFreq_Value=64000000
RCC.FCLKCortexFreq_Value=64000000
RCC.FLatency-AdvancedSettings=FLASH_LATENCY_2
RCC.FamilyName=M
RCC.HCLKFreq_Value=64000000
RCC.HRTIM1Freq_Value=64000000
RCC.HSEPLLFreq_Value=8000000
RCC.HSE_VALUE=8000000
RCC.HSIPLLFreq_Value=4000000
RCC.HSI_VALUE=8000000
RCC.I2C1Freq_Value=8000000
RCC.IPParameters=ADC12outputFreq_Value,AHBFreq_Value,APB1CLKDivider,APB1Freq_Value,APB1TimFreq_Value,APB2Freq_Value,APB2TimFreq_Value,CortexFreq_Value,FCLKCortexFreq_Value,FLatency-AdvancedSettings,FamilyName,HCLKFreq_Value,HRTIM1Freq_Value,HSEPLLFreq_Value,HSE_VALUE,HSIPLLFreq_Value,HSI_VALUE,I2C1Freq_Value,LSI_VALUE,MCOFreq_Value,PLLCLKFreq_Value,PLLMCOFreq_Value,PLLMUL,RTCFreq_Value,RTCHSEDivFreq_Value,SYSCLKFreq_VALUE,SYSCLKSourceVirtual,TIM1Freq_Value,TIM2Freq_Value,USART1Freq_Value,USART2Freq_Value,USART3Freq_Value,VCOOutput2Freq_Value
RCC.LSI_VALUE=40000
RCC.MCOFreq_Value=64000000
RCC.PLLCLKFreq_Value=64000000
RCC.PLLMCOFreq_Value=64000000
RCC.PLLMUL=RCC_PLL_MUL16
RCC.RTCFreq_Value=40000
RCC.RTCHSEDivFreq_Value=250000
RCC.SYSCLKFreq_VALUE=64000000
RCC.SYSCLKSourceVirtual=RCC_SYSCLKSOURCE_PLLCLK
RCC.TIM1Freq_Value=64000000
RCC.TIM2Freq_Value=64000000
RCC.USART1Freq_Value=32000000
RCC.USART2Freq_Value=32000000
RCC.USART3Freq_Value=32000000
RCC.VCOOutput2Freq_Value=4000000
SH.ADCx_IN6.0=ADC1_IN6,IN6-Single-Ended
SH.ADCx_IN6.ConfNb=1
SH.ADCx_IN7.0=ADC1_IN7,IN7-Single-Ended
SH.ADCx_IN7.ConfNb=1
SH.ADCx_IN8.0=ADC1_IN8,IN8-Single-Ended
SH.ADCx_IN8.ConfNb=1
SH.ADCx_IN9.0=ADC1_IN9,IN9-Single-Ended
SH.ADCx_IN9.ConfNb=1
SH.GPXTI13.0=GPIO_EXTI13
SH.GPXTI13.ConfNb=1
SPI1.BaudRatePrescaler=SPI_BAUDRATEPRESCALER_16
SPI1.CalculateBaudRate=4.0 MBits/s
SPI1.Direction=SPI_DIRECTION_1LINE
SPI1.IPParameters=VirtualType,Mode,Direction,CalculateBaudRate,VirtualNSS,BaudRatePrescaler
SPI1.Mode=SPI_MODE_MASTER
SPI1.VirtualNSS=VM_NSSHARD
SPI1.VirtualType=VM_MASTER
TIM3.IPParameters=Period,TIM_MasterOutputTrigger
TIM3.Period=12800
TIM3.TIM_MasterOutputTrigger=TIM_TRGO_RESET
USART2.IPParameters=VirtualMode-Asynchronous
USART2.VirtualMode-Asynchronous=VM_ASYNC
VP_HRTIM1_VS_hrtimMasterTimerNoOutput.Mode=MasterTimer
VP_HRTIM1_VS_hrtimMasterTimerNoOutput.Signal=HRTIM1_VS_hrtimMasterTimerNoOutput
VP_SYS_VS_Systick.Mode=SysTick
VP_SYS_VS_Systick.Signal=SYS_VS_Systick
VP_TIM3_VS_ClockSourceINT.Mode=Internal
VP_TIM3_VS_ClockSourceINT.Signal=TIM3_VS_ClockSourceINT
board=NUCLEO-F334R8
boardIOC=true
isbadioc=false
